
Microsoft Visual Studio Solution File, Format Version 12.00
# Visual Studio Version 17
VisualStudioVersion = 17.14.36127.28 d17.14
MinimumVisualStudioVersion = 10.0.40219.1
Project("{FAE04EC0-301F-11D3-BF4B-00C04F79EFBC}") = "VQM_BAI2", "VQM_BAI2\VQM_BAI2.csproj", "{263DEABC-2DE9-441F-B1D7-67BF7BFB92FA}"
EndProject
Global
	GlobalSection(SolutionConfigurationPlatforms) = preSolution
		Debug|Any CPU = Debug|Any CPU
		Release|Any CPU = Release|Any CPU
	EndGlobalSection
	GlobalSection(ProjectConfigurationPlatforms) = postSolution
		{263DEABC-2DE9-441F-B1D7-67BF7BFB92FA}.Debug|Any CPU.ActiveCfg = Debug|Any CPU
		{263DEABC-2DE9-441F-B1D7-67BF7BFB92FA}.Debug|Any CPU.Build.0 = Debug|Any CPU
		{263DEABC-2DE9-441F-B1D7-67BF7BFB92FA}.Release|Any CPU.ActiveCfg = Release|Any CPU
		{263DEABC-2DE9-441F-B1D7-67BF7BFB92FA}.Release|Any CPU.Build.0 = Release|Any CPU
	EndGlobalSection
	GlobalSection(SolutionProperties) = preSolution
		HideSolutionNode = FALSE
	EndGlobalSection
	GlobalSection(ExtensibilityGlobals) = postSolution
		SolutionGuid = {50765496-DB97-448E-A8EE-BA1D012CC26B}
	EndGlobalSection
EndGlobal
