
Microsoft Visual Studio Solution File, Format Version 12.00
# Visual Studio Version 17
VisualStudioVersion = 17.11.35312.102
MinimumVisualStudioVersion = 10.0.40219.1
Project("{FAE04EC0-301F-11D3-BF4B-00C04F79EFBC}") = "VQM-G3-webbanhang", "VQM-G3-webbanhang\VQM-G3-webbanhang.csproj", "{543D9799-E56C-42B1-9AE4-A9EFF9BF09AB}"
EndProject
Global
	GlobalSection(SolutionConfigurationPlatforms) = preSolution
		Debug|Any CPU = Debug|Any CPU
		Release|Any CPU = Release|Any CPU
	EndGlobalSection
	GlobalSection(ProjectConfigurationPlatforms) = postSolution
		{543D9799-E56C-42B1-9AE4-A9EFF9BF09AB}.Debug|Any CPU.ActiveCfg = Debug|Any CPU
		{543D9799-E56C-42B1-9AE4-A9EFF9BF09AB}.Debug|Any CPU.Build.0 = Debug|Any CPU
		{543D9799-E56C-42B1-9AE4-A9EFF9BF09AB}.Release|Any CPU.ActiveCfg = Release|Any CPU
		{543D9799-E56C-42B1-9AE4-A9EFF9BF09AB}.Release|Any CPU.Build.0 = Release|Any CPU
	EndGlobalSection
	GlobalSection(SolutionProperties) = preSolution
		HideSolutionNode = FALSE
	EndGlobalSection
	GlobalSection(ExtensibilityGlobals) = postSolution
		SolutionGuid = {816BDF19-C372-47FB-B903-9502C0145EAE}
	EndGlobalSection
EndGlobal
